// !$*UTF8*$!
{
	archiveVersion = 1;
	classes = {
	};
	objectVersion = 56;
	objects = {

/* Begin PBXBuildFile section */
		785C7E2D2B0A9E8800D8EAFB /* WelcomeViewController.swift in Sources */ = {isa = PBXBuildFile; fileRef = 785C7E2C2B0A9E8800D8EAFB /* WelcomeViewController.swift */; };
		788939842B13485B00B6D752 /* TabBarController.swift in Sources */ = {isa = PBXBuildFile; fileRef = 788939832B13485B00B6D752 /* TabBarController.swift */; };
		788939862B13487700B6D752 /* UserInfoViewController.swift in Sources */ = {isa = PBXBuildFile; fileRef = 788939852B13487700B6D752 /* UserInfoViewController.swift */; };
		788939882B13488A00B6D752 /* UserBioViewController.swift in Sources */ = {isa = PBXBuildFile; fileRef = 788939872B13488A00B6D752 /* UserBioViewController.swift */; };
		7889398B2B1348D600B6D752 /* User.swift in Sources */ = {isa = PBXBuildFile; fileRef = 7889398A2B1348D600B6D752 /* User.swift */; };
		7889398E2B13491800B6D752 /* Extension + UIView.swift in Sources */ = {isa = PBXBuildFile; fileRef = 7889398D2B13491800B6D752 /* Extension + UIView.swift */; };
		78BFDAB02B08DDFB00CDE189 /* AppDelegate.swift in Sources */ = {isa = PBXBuildFile; fileRef = 78BFDAAF2B08DDFB00CDE189 /* AppDelegate.swift */; };
		78BFDAB22B08DDFB00CDE189 /* SceneDelegate.swift in Sources */ = {isa = PBXBuildFile; fileRef = 78BFDAB12B08DDFB00CDE189 /* SceneDelegate.swift */; };
		78BFDAB42B08DDFB00CDE189 /* StartViewController.swift in Sources */ = {isa = PBXBuildFile; fileRef = 78BFDAB32B08DDFB00CDE189 /* StartViewController.swift */; };
		78BFDAB72B08DDFB00CDE189 /* Main.storyboard in Resources */ = {isa = PBXBuildFile; fileRef = 78BFDAB52B08DDFB00CDE189 /* Main.storyboard */; };
		78BFDAB92B08DDFD00CDE189 /* Assets.xcassets in Resources */ = {isa = PBXBuildFile; fileRef = 78BFDAB82B08DDFD00CDE189 /* Assets.xcassets */; };
		78BFDABC2B08DDFD00CDE189 /* LaunchScreen.storyboard in Resources */ = {isa = PBXBuildFile; fileRef = 78BFDABA2B08DDFD00CDE189 /* LaunchScreen.storyboard */; };
/* End PBXBuildFile section */

/* Begin PBXFileReference section */
		785C7E2C2B0A9E8800D8EAFB /* WelcomeViewController.swift */ = {isa = PBXFileReference; lastKnownFileType = sourcecode.swift; path = WelcomeViewController.swift; sourceTree = "<group>"; };
		788939832B13485B00B6D752 /* TabBarController.swift */ = {isa = PBXFileReference; lastKnownFileType = sourcecode.swift; path = TabBarController.swift; sourceTree = "<group>"; };
		788939852B13487700B6D752 /* UserInfoViewController.swift */ = {isa = PBXFileReference; lastKnownFileType = sourcecode.swift; path = UserInfoViewController.swift; sourceTree = "<group>"; };
		788939872B13488A00B6D752 /* UserBioViewController.swift */ = {isa = PBXFileReference; lastKnownFileType = sourcecode.swift; path = UserBioViewController.swift; sourceTree = "<group>"; };
		7889398A2B1348D600B6D752 /* User.swift */ = {isa = PBXFileReference; lastKnownFileType = sourcecode.swift; path = User.swift; sourceTree = "<group>"; };
		7889398D2B13491800B6D752 /* Extension + UIView.swift */ = {isa = PBXFileReference; lastKnownFileType = sourcecode.swift; path = "Extension + UIView.swift"; sourceTree = "<group>"; };
		78BFDAAC2B08DDFB00CDE189 /* LoginApp.app */ = {isa = PBXFileReference; explicitFileType = wrapper.application; includeInIndex = 0; path = LoginApp.app; sourceTree = BUILT_PRODUCTS_DIR; };
		78BFDAAF2B08DDFB00CDE189 /* AppDelegate.swift */ = {isa = PBXFileReference; lastKnownFileType = sourcecode.swift; path = AppDelegate.swift; sourceTree = "<group>"; };
		78BFDAB12B08DDFB00CDE189 /* SceneDelegate.swift */ = {isa = PBXFileReference; lastKnownFileType = sourcecode.swift; path = SceneDelegate.swift; sourceTree = "<group>"; };
		78BFDAB32B08DDFB00CDE189 /* StartViewController.swift */ = {isa = PBXFileReference; lastKnownFileType = sourcecode.swift; path = StartViewController.swift; sourceTree = "<group>"; };
		78BFDAB62B08DDFB00CDE189 /* Base */ = {isa = PBXFileReference; lastKnownFileType = file.storyboard; name = Base; path = Base.lproj/Main.storyboard; sourceTree = "<group>"; };
		78BFDAB82B08DDFD00CDE189 /* Assets.xcassets */ = {isa = PBXFileReference; lastKnownFileType = folder.assetcatalog; path = Assets.xcassets; sourceTree = "<group>"; };
		78BFDABB2B08DDFD00CDE189 /* Base */ = {isa = PBXFileReference; lastKnownFileType = file.storyboard; name = Base; path = Base.lproj/LaunchScreen.storyboard; sourceTree = "<group>"; };
		78BFDABD2B08DDFD00CDE189 /* Info.plist */ = {isa = PBXFileReference; lastKnownFileType = text.plist.xml; path = Info.plist; sourceTree = "<group>"; };
/* End PBXFileReference section */

/* Begin PBXFrameworksBuildPhase section */
		78BFDAA92B08DDFB00CDE189 /* Frameworks */ = {
			isa = PBXFrameworksBuildPhase;
			buildActionMask = 2147483647;
			files = (
			);
			runOnlyForDeploymentPostprocessing = 0;
		};
/* End PBXFrameworksBuildPhase section */

/* Begin PBXGroup section */
		7889397F2B133FC600B6D752 /* App */ = {
			isa = PBXGroup;
			children = (
				78BFDABD2B08DDFD00CDE189 /* Info.plist */,
				78BFDAB12B08DDFB00CDE189 /* SceneDelegate.swift */,
				78BFDAAF2B08DDFB00CDE189 /* AppDelegate.swift */,
			);
			path = App;
			sourceTree = "<group>";
		};
		788939802B1346F600B6D752 /* ViewControllers */ = {
			isa = PBXGroup;
			children = (
				78BFDAB32B08DDFB00CDE189 /* StartViewController.swift */,
				785C7E2C2B0A9E8800D8EAFB /* WelcomeViewController.swift */,
				788939832B13485B00B6D752 /* TabBarController.swift */,
				788939852B13487700B6D752 /* UserInfoViewController.swift */,
				788939872B13488A00B6D752 /* UserBioViewController.swift */,
			);
			path = ViewControllers;
			sourceTree = "<group>";
		};
		788939812B13473E00B6D752 /* Storyboards */ = {
			isa = PBXGroup;
			children = (
				78BFDAB52B08DDFB00CDE189 /* Main.storyboard */,
				78BFDABA2B08DDFD00CDE189 /* LaunchScreen.storyboard */,
			);
			path = Storyboards;
			sourceTree = "<group>";
		};
		788939822B13475D00B6D752 /* Resources */ = {
			isa = PBXGroup;
			children = (
				78BFDAB82B08DDFD00CDE189 /* Assets.xcassets */,
			);
			path = Resources;
			sourceTree = "<group>";
		};
		788939892B1348A000B6D752 /* Models */ = {
			isa = PBXGroup;
			children = (
				7889398A2B1348D600B6D752 /* User.swift */,
			);
			path = Models;
			sourceTree = "<group>";
		};
		7889398C2B13490200B6D752 /* Extensions */ = {
			isa = PBXGroup;
			children = (
				7889398D2B13491800B6D752 /* Extension + UIView.swift */,
			);
			path = Extensions;
			sourceTree = "<group>";
		};
		78BFDAA32B08DDFB00CDE189 = {
			isa = PBXGroup;
			children = (
				78BFDAAE2B08DDFB00CDE189 /* LoginApp */,
				78BFDAAD2B08DDFB00CDE189 /* Products */,
			);
			sourceTree = "<group>";
		};
		78BFDAAD2B08DDFB00CDE189 /* Products */ = {
			isa = PBXGroup;
			children = (
				78BFDAAC2B08DDFB00CDE189 /* LoginApp.app */,
			);
			name = Products;
			sourceTree = "<group>";
		};
		78BFDAAE2B08DDFB00CDE189 /* LoginApp */ = {
			isa = PBXGroup;
			children = (
				7889397F2B133FC600B6D752 /* App */,
				788939802B1346F600B6D752 /* ViewControllers */,
				788939812B13473E00B6D752 /* Storyboards */,
				7889398C2B13490200B6D752 /* Extensions */,
				788939822B13475D00B6D752 /* Resources */,
				788939892B1348A000B6D752 /* Models */,
			);
			path = LoginApp;
			sourceTree = "<group>";
		};
/* End PBXGroup section */

/* Begin PBXNativeTarget section */
		78BFDAAB2B08DDFB00CDE189 /* LoginApp */ = {
			isa = PBXNativeTarget;
			buildConfigurationList = 78BFDAC02B08DDFD00CDE189 /* Build configuration list for PBXNativeTarget "LoginApp" */;
			buildPhases = (
				78BFDAA82B08DDFB00CDE189 /* Sources */,
				78BFDAA92B08DDFB00CDE189 /* Frameworks */,
				78BFDAAA2B08DDFB00CDE189 /* Resources */,
			);
			buildRules = (
			);
			dependencies = (
			);
			name = LoginApp;
			productName = LoginApp;
			productReference = 78BFDAAC2B08DDFB00CDE189 /* LoginApp.app */;
			productType = "com.apple.product-type.application";
		};
/* End PBXNativeTarget section */

/* Begin PBXProject section */
		78BFDAA42B08DDFB00CDE189 /* Project object */ = {
			isa = PBXProject;
			attributes = {
				BuildIndependentTargetsInParallel = 1;
				LastSwiftUpdateCheck = 1500;
				LastUpgradeCheck = 1500;
				TargetAttributes = {
					78BFDAAB2B08DDFB00CDE189 = {
						CreatedOnToolsVersion = 15.0.1;
					};
				};
			};
			buildConfigurationList = 78BFDAA72B08DDFB00CDE189 /* Build configuration list for PBXProject "LoginApp" */;
			compatibilityVersion = "Xcode 14.0";
			developmentRegion = en;
			hasScannedForEncodings = 0;
			knownRegions = (
				en,
				Base,
			);
			mainGroup = 78BFDAA32B08DDFB00CDE189;
			productRefGroup = 78BFDAAD2B08DDFB00CDE189 /* Products */;
			projectDirPath = "";
			projectRoot = "";
			targets = (
				78BFDAAB2B08DDFB00CDE189 /* LoginApp */,
			);
		};
/* End PBXProject section */

/* Begin PBXResourcesBuildPhase section */
		78BFDAAA2B08DDFB00CDE189 /* Resources */ = {
			isa = PBXResourcesBuildPhase;
			buildActionMask = 2147483647;
			files = (
				78BFDABC2B08DDFD00CDE189 /* LaunchScreen.storyboard in Resources */,
				78BFDAB92B08DDFD00CDE189 /* Assets.xcassets in Resources */,
				78BFDAB72B08DDFB00CDE189 /* Main.storyboard in Resources */,
			);
			runOnlyForDeploymentPostprocessing = 0;
		};
/* End PBXResourcesBuildPhase section */

/* Begin PBXSourcesBuildPhase section */
		78BFDAA82B08DDFB00CDE189 /* Sources */ = {
			isa = PBXSourcesBuildPhase;
			buildActionMask = 2147483647;
			files = (
				78BFDAB42B08DDFB00CDE189 /* StartViewController.swift in Sources */,
				788939862B13487700B6D752 /* UserInfoViewController.swift in Sources */,
				785C7E2D2B0A9E8800D8EAFB /* WelcomeViewController.swift in Sources */,
				78BFDAB02B08DDFB00CDE189 /* AppDelegate.swift in Sources */,
				7889398B2B1348D600B6D752 /* User.swift in Sources */,
				7889398E2B13491800B6D752 /* Extension + UIView.swift in Sources */,
				788939842B13485B00B6D752 /* TabBarController.swift in Sources */,
				788939882B13488A00B6D752 /* UserBioViewController.swift in Sources */,
				78BFDAB22B08DDFB00CDE189 /* SceneDelegate.swift in Sources */,
			);
			runOnlyForDeploymentPostprocessing = 0;
		};
/* End PBXSourcesBuildPhase section */

/* Begin PBXVariantGroup section */
		78BFDAB52B08DDFB00CDE189 /* Main.storyboard */ = {
			isa = PBXVariantGroup;
			children = (
				78BFDAB62B08DDFB00CDE189 /* Base */,
			);
			name = Main.storyboard;
			sourceTree = "<group>";
		};
		78BFDABA2B08DDFD00CDE189 /* LaunchScreen.storyboard */ = {
			isa = PBXVariantGroup;
			children = (
				78BFDABB2B08DDFD00CDE189 /* Base */,
			);
			name = LaunchScreen.storyboard;
			sourceTree = "<group>";
		};
/* End PBXVariantGroup section */

/* Begin XCBuildConfiguration section */
		78BFDABE2B08DDFD00CDE189 /* Debug */ = {
			isa = XCBuildConfiguration;
			buildSettings = {
				ALWAYS_SEARCH_USER_PATHS = NO;
				ASSETCATALOG_COMPILER_GENERATE_SWIFT_ASSET_SYMBOL_EXTENSIONS = YES;
				CLANG_ANALYZER_NONNULL = YES;
				CLANG_ANALYZER_NUMBER_OBJECT_CONVERSION = YES_AGGRESSIVE;
				CLANG_CXX_LANGUAGE_STANDARD = "gnu++20";
				CLANG_ENABLE_MODULES = YES;
				CLANG_ENABLE_OBJC_ARC = YES;
				CLANG_ENABLE_OBJC_WEAK = YES;
				CLANG_WARN_BLOCK_CAPTURE_AUTORELEASING = YES;
				CLANG_WARN_BOOL_CONVERSION = YES;
				CLANG_WARN_COMMA = YES;
				CLANG_WARN_CONSTANT_CONVERSION = YES;
				CLANG_WARN_DEPRECATED_OBJC_IMPLEMENTATIONS = YES;
				CLANG_WARN_DIRECT_OBJC_ISA_USAGE = YES_ERROR;
				CLANG_WARN_DOCUMENTATION_COMMENTS = YES;
				CLANG_WARN_EMPTY_BODY = YES;
				CLANG_WARN_ENUM_CONVERSION = YES;
				CLANG_WARN_INFINITE_RECURSION = YES;
				CLANG_WARN_INT_CONVERSION = YES;
				CLANG_WARN_NON_LITERAL_NULL_CONVERSION = YES;
				CLANG_WARN_OBJC_IMPLICIT_RETAIN_SELF = YES;
				CLANG_WARN_OBJC_LITERAL_CONVERSION = YES;
				CLANG_WARN_OBJC_ROOT_CLASS = YES_ERROR;
				CLANG_WARN_QUOTED_INCLUDE_IN_FRAMEWORK_HEADER = YES;
				CLANG_WARN_RANGE_LOOP_ANALYSIS = YES;
				CLANG_WARN_STRICT_PROTOTYPES = YES;
				CLANG_WARN_SUSPICIOUS_MOVE = YES;
				CLANG_WARN_UNGUARDED_AVAILABILITY = YES_AGGRESSIVE;
				CLANG_WARN_UNREACHABLE_CODE = YES;
				CLANG_WARN__DUPLICATE_METHOD_MATCH = YES;
				COPY_PHASE_STRIP = NO;
				DEBUG_INFORMATION_FORMAT = dwarf;
				ENABLE_STRICT_OBJC_MSGSEND = YES;
				ENABLE_TESTABILITY = YES;
				ENABLE_USER_SCRIPT_SANDBOXING = YES;
				GCC_C_LANGUAGE_STANDARD = gnu17;
				GCC_DYNAMIC_NO_PIC = NO;
				GCC_NO_COMMON_BLOCKS = YES;
				GCC_OPTIMIZATION_LEVEL = 0;
				GCC_PREPROCESSOR_DEFINITIONS = (
					"DEBUG=1",
					"$(inherited)",
				);
				GCC_WARN_64_TO_32_BIT_CONVERSION = YES;
				GCC_WARN_ABOUT_RETURN_TYPE = YES_ERROR;
				GCC_WARN_UNDECLARED_SELECTOR = YES;
				GCC_WARN_UNINITIALIZED_AUTOS = YES_AGGRESSIVE;
				GCC_WARN_UNUSED_FUNCTION = YES;
				GCC_WARN_UNUSED_VARIABLE = YES;
				IPHONEOS_DEPLOYMENT_TARGET = 17.0;
				LOCALIZATION_PREFERS_STRING_CATALOGS = YES;
				MTL_ENABLE_DEBUG_INFO = INCLUDE_SOURCE;
				MTL_FAST_MATH = YES;
				ONLY_ACTIVE_ARCH = YES;
				SDKROOT = iphoneos;
				SWIFT_ACTIVE_COMPILATION_CONDITIONS = "DEBUG $(inherited)";
				SWIFT_OPTIMIZATION_LEVEL = "-Onone";
			};
			name = Debug;
		};
		78BFDABF2B08DDFD00CDE189 /* Release */ = {
			isa = XCBuildConfiguration;
			buildSettings = {
				ALWAYS_SEARCH_USER_PATHS = NO;
				ASSETCATALOG_COMPILER_GENERATE_SWIFT_ASSET_SYMBOL_EXTENSIONS = YES;
				CLANG_ANALYZER_NONNULL = YES;
				CLANG_ANALYZER_NUMBER_OBJECT_CONVERSION = YES_AGGRESSIVE;
				CLANG_CXX_LANGUAGE_STANDARD = "gnu++20";
				CLANG_ENABLE_MODULES = YES;
				CLANG_ENABLE_OBJC_ARC = YES;
				CLANG_ENABLE_OBJC_WEAK = YES;
				CLANG_WARN_BLOCK_CAPTURE_AUTORELEASING = YES;
				CLANG_WARN_BOOL_CONVERSION = YES;
				CLANG_WARN_COMMA = YES;
				CLANG_WARN_CONSTANT_CONVERSION = YES;
				CLANG_WARN_DEPRECATED_OBJC_IMPLEMENTATIONS = YES;
				CLANG_WARN_DIRECT_OBJC_ISA_USAGE = YES_ERROR;
				CLANG_WARN_DOCUMENTATION_COMMENTS = YES;
				CLANG_WARN_EMPTY_BODY = YES;
				CLANG_WARN_ENUM_CONVERSION = YES;
				CLANG_WARN_INFINITE_RECURSION = YES;
				CLANG_WARN_INT_CONVERSION = YES;
				CLANG_WARN_NON_LITERAL_NULL_CONVERSION = YES;
				CLANG_WARN_OBJC_IMPLICIT_RETAIN_SELF = YES;
				CLANG_WARN_OBJC_LITERAL_CONVERSION = YES;
				CLANG_WARN_OBJC_ROOT_CLASS = YES_ERROR;
				CLANG_WARN_QUOTED_INCLUDE_IN_FRAMEWORK_HEADER = YES;
				CLANG_WARN_RANGE_LOOP_ANALYSIS = YES;
				CLANG_WARN_STRICT_PROTOTYPES = YES;
				CLANG_WARN_SUSPICIOUS_MOVE = YES;
				CLANG_WARN_UNGUARDED_AVAILABILITY = YES_AGGRESSIVE;
				CLANG_WARN_UNREACHABLE_CODE = YES;
				CLANG_WARN__DUPLICATE_METHOD_MATCH = YES;
				COPY_PHASE_STRIP = NO;
				DEBUG_INFORMATION_FORMAT = "dwarf-with-dsym";
				ENABLE_NS_ASSERTIONS = NO;
				ENABLE_STRICT_OBJC_MSGSEND = YES;
				ENABLE_USER_SCRIPT_SANDBOXING = YES;
				GCC_C_LANGUAGE_STANDARD = gnu17;
				GCC_NO_COMMON_BLOCKS = YES;
				GCC_WARN_64_TO_32_BIT_CONVERSION = YES;
				GCC_WARN_ABOUT_RETURN_TYPE = YES_ERROR;
				GCC_WARN_UNDECLARED_SELECTOR = YES;
				GCC_WARN_UNINITIALIZED_AUTOS = YES_AGGRESSIVE;
				GCC_WARN_UNUSED_FUNCTION = YES;
				GCC_WARN_UNUSED_VARIABLE = YES;
				IPHONEOS_DEPLOYMENT_TARGET = 17.0;
				LOCALIZATION_PREFERS_STRING_CATALOGS = YES;
				MTL_ENABLE_DEBUG_INFO = NO;
				MTL_FAST_MATH = YES;
				SDKROOT = iphoneos;
				SWIFT_COMPILATION_MODE = wholemodule;
				VALIDATE_PRODUCT = YES;
			};
			name = Release;
		};
		78BFDAC12B08DDFD00CDE189 /* Debug */ = {
			isa = XCBuildConfiguration;
			buildSettings = {
				ASSETCATALOG_COMPILER_APPICON_NAME = AppIcon;
				ASSETCATALOG_COMPILER_GLOBAL_ACCENT_COLOR_NAME = AccentColor;
				CODE_SIGN_STYLE = Automatic;
				CURRENT_PROJECT_VERSION = 1;
				GENERATE_INFOPLIST_FILE = YES;
				INFOPLIST_FILE = LoginApp/App/Info.plist;
				INFOPLIST_KEY_UIApplicationSupportsIndirectInputEvents = YES;
				INFOPLIST_KEY_UILaunchStoryboardName = LaunchScreen;
				INFOPLIST_KEY_UIMainStoryboardFile = Main;
				INFOPLIST_KEY_UISupportedInterfaceOrientations_iPad = "UIInterfaceOrientationPortrait UIInterfaceOrientationPortraitUpsideDown UIInterfaceOrientationLandscapeLeft UIInterfaceOrientationLandscapeRight";
				INFOPLIST_KEY_UISupportedInterfaceOrientations_iPhone = "UIInterfaceOrientationPortrait UIInterfaceOrientationLandscapeLeft UIInterfaceOrientationLandscapeRight";
				IPHONEOS_DEPLOYMENT_TARGET = 15.5;
				LD_RUNPATH_SEARCH_PATHS = (
					"$(inherited)",
					"@executable_path/Frameworks",
				);
				MARKETING_VERSION = 2.1;
				PRODUCT_BUNDLE_IDENTIFIER = com.LoginApp;
				PRODUCT_NAME = "$(TARGET_NAME)";
				SUPPORTED_PLATFORMS = "iphoneos iphonesimulator";
				SUPPORTS_MACCATALYST = NO;
				SUPPORTS_MAC_DESIGNED_FOR_IPHONE_IPAD = NO;
				SWIFT_EMIT_LOC_STRINGS = YES;
				SWIFT_VERSION = 5.0;
				TARGETED_DEVICE_FAMILY = 1;
			};
			name = Debug;
		};
		78BFDAC22B08DDFD00CDE189 /* Release */ = {
			isa = XCBuildConfiguration;
			buildSettings = {
				ASSETCATALOG_COMPILER_APPICON_NAME = AppIcon;
				ASSETCATALOG_COMPILER_GLOBAL_ACCENT_COLOR_NAME = AccentColor;
				CODE_SIGN_STYLE = Automatic;
				CURRENT_PROJECT_VERSION = 1;
				GENERATE_INFOPLIST_FILE = YES;
				INFOPLIST_FILE = LoginApp/App/Info.plist;
				INFOPLIST_KEY_UIApplicationSupportsIndirectInputEvents = YES;
				INFOPLIST_KEY_UILaunchStoryboardName = LaunchScreen;
				INFOPLIST_KEY_UIMainStoryboardFile = Main;
				INFOPLIST_KEY_UISupportedInterfaceOrientations_iPad = "UIInterfaceOrientationPortrait UIInterfaceOrientationPortraitUpsideDown UIInterfaceOrientationLandscapeLeft UIInterfaceOrientationLandscapeRight";
				INFOPLIST_KEY_UISupportedInterfaceOrientations_iPhone = "UIInterfaceOrientationPortrait UIInterfaceOrientationLandscapeLeft UIInterfaceOrientationLandscapeRight";
				IPHONEOS_DEPLOYMENT_TARGET = 15.5;
				LD_RUNPATH_SEARCH_PATHS = (
					"$(inherited)",
					"@executable_path/Frameworks",
				);
				MARKETING_VERSION = 2.1;
				PRODUCT_BUNDLE_IDENTIFIER = com.LoginApp;
				PRODUCT_NAME = "$(TARGET_NAME)";
				SUPPORTED_PLATFORMS = "iphoneos iphonesimulator";
				SUPPORTS_MACCATALYST = NO;
				SUPPORTS_MAC_DESIGNED_FOR_IPHONE_IPAD = NO;
				SWIFT_EMIT_LOC_STRINGS = YES;
				SWIFT_VERSION = 5.0;
				TARGETED_DEVICE_FAMILY = 1;
			};
			name = Release;
		};
/* End XCBuildConfiguration section */

/* Begin XCConfigurationList section */
		78BFDAA72B08DDFB00CDE189 /* Build configuration list for PBXProject "LoginApp" */ = {
			isa = XCConfigurationList;
			buildConfigurations = (
				78BFDABE2B08DDFD00CDE189 /* Debug */,
				78BFDABF2B08DDFD00CDE189 /* Release */,
			);
			defaultConfigurationIsVisible = 0;
			defaultConfigurationName = Release;
		};
		78BFDAC02B08DDFD00CDE189 /* Build configuration list for PBXNativeTarget "LoginApp" */ = {
			isa = XCConfigurationList;
			buildConfigurations = (
				78BFDAC12B08DDFD00CDE189 /* Debug */,
				78BFDAC22B08DDFD00CDE189 /* Release */,
			);
			defaultConfigurationIsVisible = 0;
			defaultConfigurationName = Release;
		};
/* End XCConfigurationList section */
	};
	rootObject = 78BFDAA42B08DDFB00CDE189 /* Project object */;
}
